// !$*UTF8*$!
{
	archiveVersion = 1;
	classes = {
	};
	objectVersion = 56;
	objects = {

/* Begin PBXBuildFile section */
		6221EA2C2A701553003BD47F /* MusicPlayView.swift in Sources */ = {isa = PBXBuildFile; fileRef = 6221EA2B2A701553003BD47F /* MusicPlayView.swift */; };
		624E4BCD2A78D56000FCAA16 /* ToastComponentView.swift in Sources */ = {isa = PBXBuildFile; fileRef = 624E4BCC2A78D56000FCAA16 /* ToastComponentView.swift */; };
		627E3F442A6E6D6300979803 /* MusicSearchView.swift in Sources */ = {isa = PBXBuildFile; fileRef = 627E3F432A6E6D6300979803 /* MusicSearchView.swift */; };
		74167D152A678D3B00F5C691 /* TestComponentView.swift in Sources */ = {isa = PBXBuildFile; fileRef = 74167D142A678D3B00F5C691 /* TestComponentView.swift */; };
		7433A2462A6E1D9A00EFA99B /* EditDateView.swift in Sources */ = {isa = PBXBuildFile; fileRef = 7433A2452A6E1D9A00EFA99B /* EditDateView.swift */; };
		7433A2482A6E1E1800EFA99B /* AddMusicView.swift in Sources */ = {isa = PBXBuildFile; fileRef = 7433A2472A6E1E1800EFA99B /* AddMusicView.swift */; };
		74EF8C742A67C198006B8DBC /* ButtonPlayComponentView.swift in Sources */ = {isa = PBXBuildFile; fileRef = 74EF8C732A67C198006B8DBC /* ButtonPlayComponentView.swift */; };
		74EF8C862A67D338006B8DBC /* PinLocationComponentView.swift in Sources */ = {isa = PBXBuildFile; fileRef = 74EF8C852A67D338006B8DBC /* PinLocationComponentView.swift */; };
		74EF8C9C2A6832BF006B8DBC /* MusicSearchComponentView.swift in Sources */ = {isa = PBXBuildFile; fileRef = 74EF8C9B2A6832BF006B8DBC /* MusicSearchComponentView.swift */; };
		74EF8CA22A68B7CC006B8DBC /* ContentsLargeComponentView.swift in Sources */ = {isa = PBXBuildFile; fileRef = 74EF8CA12A68B7CC006B8DBC /* ContentsLargeComponentView.swift */; };
		74F025C32A77F5AB00DF39C3 /* SearchFailureComponentView.swift in Sources */ = {isa = PBXBuildFile; fileRef = 74F025C22A77F5AB00DF39C3 /* SearchFailureComponentView.swift */; };
		76104ABC2A6D7991000B8E65 /* MainDataModel.swift in Sources */ = {isa = PBXBuildFile; fileRef = 76104ABB2A6D7991000B8E65 /* MainDataModel.swift */; };
		76104ABE2A6D7EF7000B8E65 /* dummy.swift in Sources */ = {isa = PBXBuildFile; fileRef = 76104ABD2A6D7EF7000B8E65 /* dummy.swift */; };
		76104AC52A6DF978000B8E65 /* MainVO.swift in Sources */ = {isa = PBXBuildFile; fileRef = 76104AC42A6DF978000B8E65 /* MainVO.swift */; };
		763D01DE2A792F1600B1CF0D /* MusicItemExtension.swift in Sources */ = {isa = PBXBuildFile; fileRef = 763D01DD2A792F1600B1CF0D /* MusicItemExtension.swift */; };
		764936AF2A6A169B001C0C54 /* MusicItemDataModel.swift in Sources */ = {isa = PBXBuildFile; fileRef = 764936AE2A6A169B001C0C54 /* MusicItemDataModel.swift */; };
		76975F3D2A700298005FEFE2 /* SearchDataModel.swift in Sources */ = {isa = PBXBuildFile; fileRef = 76975F3C2A700298005FEFE2 /* SearchDataModel.swift */; };
		76975F492A700DE2005FEFE2 /* AuthManger.swift in Sources */ = {isa = PBXBuildFile; fileRef = 76975F482A700DE2005FEFE2 /* AuthManger.swift */; };
		76975F4B2A70124E005FEFE2 /* HistoryDataModel.swift in Sources */ = {isa = PBXBuildFile; fileRef = 76975F4A2A70124E005FEFE2 /* HistoryDataModel.swift */; };
		76975F512A7177F3005FEFE2 /* MusicPlayer.swift in Sources */ = {isa = PBXBuildFile; fileRef = 76975F502A7177F3005FEFE2 /* MusicPlayer.swift */; };
		76975F532A73EA15005FEFE2 /* Double.swift in Sources */ = {isa = PBXBuildFile; fileRef = 76975F522A73EA15005FEFE2 /* Double.swift */; };
		951691832A6629670070D47C /* MC3_BeyondThe3FApp.swift in Sources */ = {isa = PBXBuildFile; fileRef = 951691822A6629670070D47C /* MC3_BeyondThe3FApp.swift */; };
		951691852A6629670070D47C /* ContentView.swift in Sources */ = {isa = PBXBuildFile; fileRef = 951691842A6629670070D47C /* ContentView.swift */; };
		951691872A6629680070D47C /* Image.xcassets in Resources */ = {isa = PBXBuildFile; fileRef = 951691862A6629680070D47C /* Image.xcassets */; };
		9516918A2A6629680070D47C /* Preview Assets.xcassets in Resources */ = {isa = PBXBuildFile; fileRef = 951691892A6629680070D47C /* Preview Assets.xcassets */; };
		9516918C2A6629680070D47C /* Persistence.swift in Sources */ = {isa = PBXBuildFile; fileRef = 9516918B2A6629680070D47C /* Persistence.swift */; };
		9516918F2A6629680070D47C /* MC3_BeyondThe3F.xcdatamodeld in Sources */ = {isa = PBXBuildFile; fileRef = 9516918D2A6629680070D47C /* MC3_BeyondThe3F.xcdatamodeld */; };
		951691A02A6634C00070D47C /* DefaultCoreDataView.swift in Sources */ = {isa = PBXBuildFile; fileRef = 9516919F2A6634C00070D47C /* DefaultCoreDataView.swift */; };
		951691A22A6639320070D47C /* MainTabView.swift in Sources */ = {isa = PBXBuildFile; fileRef = 951691A12A6639320070D47C /* MainTabView.swift */; };
		951691A42A663A4E0070D47C /* BucketView.swift in Sources */ = {isa = PBXBuildFile; fileRef = 951691A32A663A4E0070D47C /* BucketView.swift */; };
		951691A62A663AE00070D47C /* MapView.swift in Sources */ = {isa = PBXBuildFile; fileRef = 951691A52A663AE00070D47C /* MapView.swift */; };
		951691AA2A663C6E0070D47C /* ColorExtension.swift in Sources */ = {isa = PBXBuildFile; fileRef = 951691A92A663C6E0070D47C /* ColorExtension.swift */; };
		951691AC2A663E7C0070D47C /* TypoModifier.swift in Sources */ = {isa = PBXBuildFile; fileRef = 951691AB2A663E7C0070D47C /* TypoModifier.swift */; };
		951691AE2A663F9A0070D47C /* ViewExtension.swift in Sources */ = {isa = PBXBuildFile; fileRef = 951691AD2A663F9A0070D47C /* ViewExtension.swift */; };
		95366C952A67F9690003556F /* TestImage.xcassets in Resources */ = {isa = PBXBuildFile; fileRef = 95366C942A67F9690003556F /* TestImage.xcassets */; };
		953BD74C2A68DE6C0047C21C /* MusicAnnotation.swift in Sources */ = {isa = PBXBuildFile; fileRef = 953BD74A2A68DE6C0047C21C /* MusicAnnotation.swift */; };
		953BD74D2A68DE6C0047C21C /* MusicItemVO.swift in Sources */ = {isa = PBXBuildFile; fileRef = 953BD74B2A68DE6C0047C21C /* MusicItemVO.swift */; };
		953BD74F2A6910480047C21C /* SFImageComponentView.swift in Sources */ = {isa = PBXBuildFile; fileRef = 953BD74E2A6910480047C21C /* SFImageComponentView.swift */; };
		953BD7512A6919370047C21C /* SmallButtonComponentView.swift in Sources */ = {isa = PBXBuildFile; fileRef = 953BD7502A6919370047C21C /* SmallButtonComponentView.swift */; };
		953BD7532A69234D0047C21C /* PrimaryButtonComponentView.swift in Sources */ = {isa = PBXBuildFile; fileRef = 953BD7522A69234D0047C21C /* PrimaryButtonComponentView.swift */; };
		953BD7552A69260A0047C21C /* MidButtonComponent.swift in Sources */ = {isa = PBXBuildFile; fileRef = 953BD7542A69260A0047C21C /* MidButtonComponent.swift */; };
		953BD7592A69FFE70047C21C /* ScopeButtonComponentView.swift in Sources */ = {isa = PBXBuildFile; fileRef = 953BD7582A69FFE70047C21C /* ScopeButtonComponentView.swift */; };
		953BD75B2A69FFFE0047C21C /* MusicPlayerComponentView.swift in Sources */ = {isa = PBXBuildFile; fileRef = 953BD75A2A69FFFE0047C21C /* MusicPlayerComponentView.swift */; };
		953BD75D2A6A001D0047C21C /* MusicListRowView.swift in Sources */ = {isa = PBXBuildFile; fileRef = 953BD75C2A6A001D0047C21C /* MusicListRowView.swift */; };
		953BD7602A6A6D0A0047C21C /* ClusteringAnnotationView.swift in Sources */ = {isa = PBXBuildFile; fileRef = 953BD75F2A6A6D0A0047C21C /* ClusteringAnnotationView.swift */; };
		953BD7622A6A6D5D0047C21C /* MusicAnnotationView.swift in Sources */ = {isa = PBXBuildFile; fileRef = 953BD7612A6A6D5D0047C21C /* MusicAnnotationView.swift */; };
		953BD7642A6A77240047C21C /* MapSearchComponentView.swift in Sources */ = {isa = PBXBuildFile; fileRef = 953BD7632A6A77240047C21C /* MapSearchComponentView.swift */; };
		95713F962A74FD1C00548545 /* WTMusicSearchView.swift in Sources */ = {isa = PBXBuildFile; fileRef = 95713F952A74FD1C00548545 /* WTMusicSearchView.swift */; };
		95713F982A74FF3800548545 /* NavigationHelper.swift in Sources */ = {isa = PBXBuildFile; fileRef = 95713F972A74FF3800548545 /* NavigationHelper.swift */; };
		95713FA22A75059900548545 /* WelcomeSheetComponentView.swift in Sources */ = {isa = PBXBuildFile; fileRef = 95713FA12A75059900548545 /* WelcomeSheetComponentView.swift */; };
		95713FA62A75285800548545 /* MusicItemUpdateViewModel.swift in Sources */ = {isa = PBXBuildFile; fileRef = 95713FA52A75285800548545 /* MusicItemUpdateViewModel.swift */; };
		959B5B752A6FBEA200888942 /* ShazamManager.swift in Sources */ = {isa = PBXBuildFile; fileRef = 959B5B742A6FBEA200888942 /* ShazamManager.swift */; };
		959B5B772A714B1500888942 /* DateExtension.swift in Sources */ = {isa = PBXBuildFile; fileRef = 959B5B762A714B1500888942 /* DateExtension.swift */; };
		959B5B7B2A71539F00888942 /* MusicSearchViewModel.swift in Sources */ = {isa = PBXBuildFile; fileRef = 959B5B7A2A71539F00888942 /* MusicSearchViewModel.swift */; };
		95BA717E2A76947000DD1A2D /* EditMusicView.swift in Sources */ = {isa = PBXBuildFile; fileRef = 95BA717D2A76947000DD1A2D /* EditMusicView.swift */; };
		95D6CE142A6D084E0053AE8E /* LocationHelper.swift in Sources */ = {isa = PBXBuildFile; fileRef = 95D6CE132A6D084E0053AE8E /* LocationHelper.swift */; };
		95D6CE182A6D4B0C0053AE8E /* EditMapPositionView.swift in Sources */ = {isa = PBXBuildFile; fileRef = 95D6CE172A6D4B0C0053AE8E /* EditMapPositionView.swift */; };
		95D6CE1A2A6E5AC30053AE8E /* MapMusicInfoView.swift in Sources */ = {isa = PBXBuildFile; fileRef = 95D6CE192A6E5AC30053AE8E /* MapMusicInfoView.swift */; };
		95D6CE1C2A6F9D960053AE8E /* ShazamView.swift in Sources */ = {isa = PBXBuildFile; fileRef = 95D6CE1B2A6F9D960053AE8E /* ShazamView.swift */; };
		FB9AEE422A6F4CC600B015C5 /* CarouselView.swift in Sources */ = {isa = PBXBuildFile; fileRef = FB9AEE412A6F4CC600B015C5 /* CarouselView.swift */; };
/* End PBXBuildFile section */

/* Begin PBXFileReference section */
		6221EA2B2A701553003BD47F /* MusicPlayView.swift */ = {isa = PBXFileReference; lastKnownFileType = sourcecode.swift; path = MusicPlayView.swift; sourceTree = "<group>"; };
		624E4BCC2A78D56000FCAA16 /* ToastComponentView.swift */ = {isa = PBXFileReference; lastKnownFileType = sourcecode.swift; path = ToastComponentView.swift; sourceTree = "<group>"; };
		627E3F432A6E6D6300979803 /* MusicSearchView.swift */ = {isa = PBXFileReference; lastKnownFileType = sourcecode.swift; path = MusicSearchView.swift; sourceTree = "<group>"; };
		74167D142A678D3B00F5C691 /* TestComponentView.swift */ = {isa = PBXFileReference; lastKnownFileType = sourcecode.swift; path = TestComponentView.swift; sourceTree = "<group>"; };
		7433A2452A6E1D9A00EFA99B /* EditDateView.swift */ = {isa = PBXFileReference; lastKnownFileType = sourcecode.swift; path = EditDateView.swift; sourceTree = "<group>"; };
		7433A2472A6E1E1800EFA99B /* AddMusicView.swift */ = {isa = PBXFileReference; lastKnownFileType = sourcecode.swift; path = AddMusicView.swift; sourceTree = "<group>"; };
		74EF8C732A67C198006B8DBC /* ButtonPlayComponentView.swift */ = {isa = PBXFileReference; lastKnownFileType = sourcecode.swift; path = ButtonPlayComponentView.swift; sourceTree = "<group>"; };
		74EF8C852A67D338006B8DBC /* PinLocationComponentView.swift */ = {isa = PBXFileReference; lastKnownFileType = sourcecode.swift; path = PinLocationComponentView.swift; sourceTree = "<group>"; };
		74EF8C9B2A6832BF006B8DBC /* MusicSearchComponentView.swift */ = {isa = PBXFileReference; lastKnownFileType = sourcecode.swift; path = MusicSearchComponentView.swift; sourceTree = "<group>"; };
		74EF8CA12A68B7CC006B8DBC /* ContentsLargeComponentView.swift */ = {isa = PBXFileReference; lastKnownFileType = sourcecode.swift; path = ContentsLargeComponentView.swift; sourceTree = "<group>"; };
		74F025C22A77F5AB00DF39C3 /* SearchFailureComponentView.swift */ = {isa = PBXFileReference; lastKnownFileType = sourcecode.swift; path = SearchFailureComponentView.swift; sourceTree = "<group>"; };
		76104ABB2A6D7991000B8E65 /* MainDataModel.swift */ = {isa = PBXFileReference; lastKnownFileType = sourcecode.swift; path = MainDataModel.swift; sourceTree = "<group>"; };
		76104ABD2A6D7EF7000B8E65 /* dummy.swift */ = {isa = PBXFileReference; lastKnownFileType = sourcecode.swift; path = dummy.swift; sourceTree = "<group>"; };
		76104AC42A6DF978000B8E65 /* MainVO.swift */ = {isa = PBXFileReference; lastKnownFileType = sourcecode.swift; path = MainVO.swift; sourceTree = "<group>"; };
		763D01DD2A792F1600B1CF0D /* MusicItemExtension.swift */ = {isa = PBXFileReference; lastKnownFileType = sourcecode.swift; path = MusicItemExtension.swift; sourceTree = "<group>"; };
		764936AE2A6A169B001C0C54 /* MusicItemDataModel.swift */ = {isa = PBXFileReference; lastKnownFileType = sourcecode.swift; path = MusicItemDataModel.swift; sourceTree = "<group>"; };
		76975F3C2A700298005FEFE2 /* SearchDataModel.swift */ = {isa = PBXFileReference; lastKnownFileType = sourcecode.swift; name = SearchDataModel.swift; path = ../../SearchDataModel.swift; sourceTree = "<group>"; };
		76975F482A700DE2005FEFE2 /* AuthManger.swift */ = {isa = PBXFileReference; fileEncoding = 4; lastKnownFileType = sourcecode.swift; path = AuthManger.swift; sourceTree = "<group>"; };
		76975F4A2A70124E005FEFE2 /* HistoryDataModel.swift */ = {isa = PBXFileReference; lastKnownFileType = sourcecode.swift; path = HistoryDataModel.swift; sourceTree = "<group>"; };
		76975F502A7177F3005FEFE2 /* MusicPlayer.swift */ = {isa = PBXFileReference; lastKnownFileType = sourcecode.swift; path = MusicPlayer.swift; sourceTree = "<group>"; };
		76975F522A73EA15005FEFE2 /* Double.swift */ = {isa = PBXFileReference; lastKnownFileType = sourcecode.swift; path = Double.swift; sourceTree = "<group>"; };
		9516917F2A6629670070D47C /* MC3-BeyondThe3F.app */ = {isa = PBXFileReference; explicitFileType = wrapper.application; includeInIndex = 0; path = "MC3-BeyondThe3F.app"; sourceTree = BUILT_PRODUCTS_DIR; };
		951691822A6629670070D47C /* MC3_BeyondThe3FApp.swift */ = {isa = PBXFileReference; lastKnownFileType = sourcecode.swift; path = MC3_BeyondThe3FApp.swift; sourceTree = "<group>"; };
		951691842A6629670070D47C /* ContentView.swift */ = {isa = PBXFileReference; lastKnownFileType = sourcecode.swift; path = ContentView.swift; sourceTree = "<group>"; };
		951691862A6629680070D47C /* Image.xcassets */ = {isa = PBXFileReference; lastKnownFileType = folder.assetcatalog; path = Image.xcassets; sourceTree = "<group>"; };
		951691892A6629680070D47C /* Preview Assets.xcassets */ = {isa = PBXFileReference; lastKnownFileType = folder.assetcatalog; path = "Preview Assets.xcassets"; sourceTree = "<group>"; };
		9516918B2A6629680070D47C /* Persistence.swift */ = {isa = PBXFileReference; lastKnownFileType = sourcecode.swift; path = Persistence.swift; sourceTree = "<group>"; };
		9516918E2A6629680070D47C /* MC3_BeyondThe3F.xcdatamodel */ = {isa = PBXFileReference; lastKnownFileType = wrapper.xcdatamodel; path = MC3_BeyondThe3F.xcdatamodel; sourceTree = "<group>"; };
		951691902A6629680070D47C /* Info.plist */ = {isa = PBXFileReference; lastKnownFileType = text.plist.xml; path = Info.plist; sourceTree = "<group>"; };
		9516919F2A6634C00070D47C /* DefaultCoreDataView.swift */ = {isa = PBXFileReference; lastKnownFileType = sourcecode.swift; path = DefaultCoreDataView.swift; sourceTree = "<group>"; };
		951691A12A6639320070D47C /* MainTabView.swift */ = {isa = PBXFileReference; lastKnownFileType = sourcecode.swift; path = MainTabView.swift; sourceTree = "<group>"; };
		951691A32A663A4E0070D47C /* BucketView.swift */ = {isa = PBXFileReference; lastKnownFileType = sourcecode.swift; path = BucketView.swift; sourceTree = "<group>"; };
		951691A52A663AE00070D47C /* MapView.swift */ = {isa = PBXFileReference; lastKnownFileType = sourcecode.swift; path = MapView.swift; sourceTree = "<group>"; };
		951691A92A663C6E0070D47C /* ColorExtension.swift */ = {isa = PBXFileReference; lastKnownFileType = sourcecode.swift; path = ColorExtension.swift; sourceTree = "<group>"; };
		951691AB2A663E7C0070D47C /* TypoModifier.swift */ = {isa = PBXFileReference; lastKnownFileType = sourcecode.swift; path = TypoModifier.swift; sourceTree = "<group>"; };
		951691AD2A663F9A0070D47C /* ViewExtension.swift */ = {isa = PBXFileReference; lastKnownFileType = sourcecode.swift; path = ViewExtension.swift; sourceTree = "<group>"; };
		95366C942A67F9690003556F /* TestImage.xcassets */ = {isa = PBXFileReference; lastKnownFileType = folder.assetcatalog; path = TestImage.xcassets; sourceTree = "<group>"; };
		953BD74A2A68DE6C0047C21C /* MusicAnnotation.swift */ = {isa = PBXFileReference; fileEncoding = 4; lastKnownFileType = sourcecode.swift; path = MusicAnnotation.swift; sourceTree = "<group>"; };
		953BD74B2A68DE6C0047C21C /* MusicItemVO.swift */ = {isa = PBXFileReference; fileEncoding = 4; lastKnownFileType = sourcecode.swift; path = MusicItemVO.swift; sourceTree = "<group>"; };
		953BD74E2A6910480047C21C /* SFImageComponentView.swift */ = {isa = PBXFileReference; lastKnownFileType = sourcecode.swift; path = SFImageComponentView.swift; sourceTree = "<group>"; };
		953BD7502A6919370047C21C /* SmallButtonComponentView.swift */ = {isa = PBXFileReference; lastKnownFileType = sourcecode.swift; path = SmallButtonComponentView.swift; sourceTree = "<group>"; };
		953BD7522A69234D0047C21C /* PrimaryButtonComponentView.swift */ = {isa = PBXFileReference; lastKnownFileType = sourcecode.swift; path = PrimaryButtonComponentView.swift; sourceTree = "<group>"; };
		953BD7542A69260A0047C21C /* MidButtonComponent.swift */ = {isa = PBXFileReference; lastKnownFileType = sourcecode.swift; path = MidButtonComponent.swift; sourceTree = "<group>"; };
		953BD7562A69FFDF0047C21C /* SFImageComponentView.swift */ = {isa = PBXFileReference; fileEncoding = 4; lastKnownFileType = sourcecode.swift; path = SFImageComponentView.swift; sourceTree = "<group>"; };
		953BD7582A69FFE70047C21C /* ScopeButtonComponentView.swift */ = {isa = PBXFileReference; fileEncoding = 4; lastKnownFileType = sourcecode.swift; path = ScopeButtonComponentView.swift; sourceTree = "<group>"; };
		953BD75A2A69FFFE0047C21C /* MusicPlayerComponentView.swift */ = {isa = PBXFileReference; fileEncoding = 4; lastKnownFileType = sourcecode.swift; path = MusicPlayerComponentView.swift; sourceTree = "<group>"; };
		953BD75C2A6A001D0047C21C /* MusicListRowView.swift */ = {isa = PBXFileReference; fileEncoding = 4; lastKnownFileType = sourcecode.swift; path = MusicListRowView.swift; sourceTree = "<group>"; };
		953BD75F2A6A6D0A0047C21C /* ClusteringAnnotationView.swift */ = {isa = PBXFileReference; lastKnownFileType = sourcecode.swift; path = ClusteringAnnotationView.swift; sourceTree = "<group>"; };
		953BD7612A6A6D5D0047C21C /* MusicAnnotationView.swift */ = {isa = PBXFileReference; lastKnownFileType = sourcecode.swift; path = MusicAnnotationView.swift; sourceTree = "<group>"; };
		953BD7632A6A77240047C21C /* MapSearchComponentView.swift */ = {isa = PBXFileReference; lastKnownFileType = sourcecode.swift; path = MapSearchComponentView.swift; sourceTree = "<group>"; };
		95713F952A74FD1C00548545 /* WTMusicSearchView.swift */ = {isa = PBXFileReference; lastKnownFileType = sourcecode.swift; path = WTMusicSearchView.swift; sourceTree = "<group>"; };
		95713F972A74FF3800548545 /* NavigationHelper.swift */ = {isa = PBXFileReference; lastKnownFileType = sourcecode.swift; path = NavigationHelper.swift; sourceTree = "<group>"; };
		95713FA12A75059900548545 /* WelcomeSheetComponentView.swift */ = {isa = PBXFileReference; lastKnownFileType = sourcecode.swift; path = WelcomeSheetComponentView.swift; sourceTree = "<group>"; };
		95713FA52A75285800548545 /* MusicItemUpdateViewModel.swift */ = {isa = PBXFileReference; lastKnownFileType = sourcecode.swift; path = MusicItemUpdateViewModel.swift; sourceTree = "<group>"; };
		959B5B742A6FBEA200888942 /* ShazamManager.swift */ = {isa = PBXFileReference; lastKnownFileType = sourcecode.swift; path = ShazamManager.swift; sourceTree = "<group>"; };
		959B5B762A714B1500888942 /* DateExtension.swift */ = {isa = PBXFileReference; lastKnownFileType = sourcecode.swift; path = DateExtension.swift; sourceTree = "<group>"; };
		959B5B7A2A71539F00888942 /* MusicSearchViewModel.swift */ = {isa = PBXFileReference; lastKnownFileType = sourcecode.swift; path = MusicSearchViewModel.swift; sourceTree = "<group>"; };
		95BA717D2A76947000DD1A2D /* EditMusicView.swift */ = {isa = PBXFileReference; lastKnownFileType = sourcecode.swift; path = EditMusicView.swift; sourceTree = "<group>"; };
		95D6CE132A6D084E0053AE8E /* LocationHelper.swift */ = {isa = PBXFileReference; lastKnownFileType = sourcecode.swift; path = LocationHelper.swift; sourceTree = "<group>"; };
		95D6CE172A6D4B0C0053AE8E /* EditMapPositionView.swift */ = {isa = PBXFileReference; lastKnownFileType = sourcecode.swift; path = EditMapPositionView.swift; sourceTree = "<group>"; };
		95D6CE192A6E5AC30053AE8E /* MapMusicInfoView.swift */ = {isa = PBXFileReference; lastKnownFileType = sourcecode.swift; path = MapMusicInfoView.swift; sourceTree = "<group>"; };
		95D6CE1B2A6F9D960053AE8E /* ShazamView.swift */ = {isa = PBXFileReference; lastKnownFileType = sourcecode.swift; path = ShazamView.swift; sourceTree = "<group>"; };
		FB9AEE412A6F4CC600B015C5 /* CarouselView.swift */ = {isa = PBXFileReference; lastKnownFileType = sourcecode.swift; path = CarouselView.swift; sourceTree = "<group>"; };
/* End PBXFileReference section */

/* Begin PBXFrameworksBuildPhase section */
		9516917C2A6629670070D47C /* Frameworks */ = {
			isa = PBXFrameworksBuildPhase;
			buildActionMask = 2147483647;
			files = (
			);
			runOnlyForDeploymentPostprocessing = 0;
		};
/* End PBXFrameworksBuildPhase section */

/* Begin PBXGroup section */
		74167D112A678A2000F5C691 /* Components */ = {
			isa = PBXGroup;
			children = (
				953BD75C2A6A001D0047C21C /* MusicListRowView.swift */,
				953BD74E2A6910480047C21C /* SFImageComponentView.swift */,
				953BD7502A6919370047C21C /* SmallButtonComponentView.swift */,
				953BD7542A69260A0047C21C /* MidButtonComponent.swift */,
				953BD7562A69FFDF0047C21C /* SFImageComponentView.swift */,
				953BD7582A69FFE70047C21C /* ScopeButtonComponentView.swift */,
				953BD7522A69234D0047C21C /* PrimaryButtonComponentView.swift */,
				74EF8C732A67C198006B8DBC /* ButtonPlayComponentView.swift */,
				953BD75A2A69FFFE0047C21C /* MusicPlayerComponentView.swift */,
				74EF8C852A67D338006B8DBC /* PinLocationComponentView.swift */,
				74EF8C9B2A6832BF006B8DBC /* MusicSearchComponentView.swift */,
				74EF8CA12A68B7CC006B8DBC /* ContentsLargeComponentView.swift */,
				74167D142A678D3B00F5C691 /* TestComponentView.swift */,
				953BD7632A6A77240047C21C /* MapSearchComponentView.swift */,
				95713FA12A75059900548545 /* WelcomeSheetComponentView.swift */,
				74F025C22A77F5AB00DF39C3 /* SearchFailureComponentView.swift */,
				624E4BCC2A78D56000FCAA16 /* ToastComponentView.swift */,
			);
			path = Components;
			sourceTree = "<group>";
		};
		951691762A6629670070D47C = {
			isa = PBXGroup;
			children = (
				951691812A6629670070D47C /* MC3-BeyondThe3F */,
				951691802A6629670070D47C /* Products */,
			);
			sourceTree = "<group>";
		};
		951691802A6629670070D47C /* Products */ = {
			isa = PBXGroup;
			children = (
				9516917F2A6629670070D47C /* MC3-BeyondThe3F.app */,
			);
			name = Products;
			sourceTree = "<group>";
		};
		951691812A6629670070D47C /* MC3-BeyondThe3F */ = {
			isa = PBXGroup;
			children = (
				9516919E2A662A4C0070D47C /* Store */,
				951691992A66298C0070D47C /* Model */,
				959B5B792A71537F00888942 /* ViewModel */,
				951691982A6629870070D47C /* View */,
				951691972A6629820070D47C /* Resource */,
				951691962A6629790070D47C /* Global */,
				951691822A6629670070D47C /* MC3_BeyondThe3FApp.swift */,
				951691842A6629670070D47C /* ContentView.swift */,
				951691902A6629680070D47C /* Info.plist */,
				951691882A6629680070D47C /* Preview Content */,
			);
			path = "MC3-BeyondThe3F";
			sourceTree = "<group>";
		};
		951691882A6629680070D47C /* Preview Content */ = {
			isa = PBXGroup;
			children = (
				951691892A6629680070D47C /* Preview Assets.xcassets */,
			);
			path = "Preview Content";
			sourceTree = "<group>";
		};
		951691962A6629790070D47C /* Global */ = {
			isa = PBXGroup;
			children = (
				9516919D2A6629B80070D47C /* Extension */,
				9516919C2A6629B20070D47C /* Modifier */,
				9516919B2A6629AD0070D47C /* Helper */,
			);
			path = Global;
			sourceTree = "<group>";
		};
		951691972A6629820070D47C /* Resource */ = {
			isa = PBXGroup;
			children = (
				951691862A6629680070D47C /* Image.xcassets */,
				9516919A2A6629A10070D47C /* Font */,
				95366C942A67F9690003556F /* TestImage.xcassets */,
			);
			path = Resource;
			sourceTree = "<group>";
		};
		951691982A6629870070D47C /* View */ = {
			isa = PBXGroup;
			children = (
				95713F942A74FCD000548545 /* WorkThrough */,
				959B5B782A714C9A00888942 /* New Group */,
				953BD75E2A6A6CF30047C21C /* Annotations */,
				74167D112A678A2000F5C691 /* Components */,
				951691A12A6639320070D47C /* MainTabView.swift */,
				951691A32A663A4E0070D47C /* BucketView.swift */,
				9516919F2A6634C00070D47C /* DefaultCoreDataView.swift */,
				FB9AEE412A6F4CC600B015C5 /* CarouselView.swift */,
				951691A52A663AE00070D47C /* MapView.swift */,
				95D6CE172A6D4B0C0053AE8E /* EditMapPositionView.swift */,
				95D6CE1B2A6F9D960053AE8E /* ShazamView.swift */,
				95D6CE192A6E5AC30053AE8E /* MapMusicInfoView.swift */,
				7433A2452A6E1D9A00EFA99B /* EditDateView.swift */,
				7433A2472A6E1E1800EFA99B /* AddMusicView.swift */,
				627E3F432A6E6D6300979803 /* MusicSearchView.swift */,
				6221EA2B2A701553003BD47F /* MusicPlayView.swift */,
				95BA717D2A76947000DD1A2D /* EditMusicView.swift */,
			);
			path = View;
			sourceTree = "<group>";
		};
		951691992A66298C0070D47C /* Model */ = {
			isa = PBXGroup;
			children = (
				953BD74A2A68DE6C0047C21C /* MusicAnnotation.swift */,
				953BD74B2A68DE6C0047C21C /* MusicItemVO.swift */,
				764936AE2A6A169B001C0C54 /* MusicItemDataModel.swift */,
				76104ABB2A6D7991000B8E65 /* MainDataModel.swift */,
				76104ABD2A6D7EF7000B8E65 /* dummy.swift */,
				76104AC42A6DF978000B8E65 /* MainVO.swift */,
				76975F3C2A700298005FEFE2 /* SearchDataModel.swift */,
				76975F4A2A70124E005FEFE2 /* HistoryDataModel.swift */,
				76975F502A7177F3005FEFE2 /* MusicPlayer.swift */,
				763D01DD2A792F1600B1CF0D /* MusicItemExtension.swift */,
			);
			path = Model;
			sourceTree = "<group>";
		};
		9516919A2A6629A10070D47C /* Font */ = {
			isa = PBXGroup;
			children = (
			);
			path = Font;
			sourceTree = "<group>";
		};
		9516919B2A6629AD0070D47C /* Helper */ = {
			isa = PBXGroup;
			children = (
				76975F482A700DE2005FEFE2 /* AuthManger.swift */,
				95D6CE132A6D084E0053AE8E /* LocationHelper.swift */,
				959B5B742A6FBEA200888942 /* ShazamManager.swift */,
				76975F522A73EA15005FEFE2 /* Double.swift */,
				95713F972A74FF3800548545 /* NavigationHelper.swift */,
			);
			path = Helper;
			sourceTree = "<group>";
		};
		9516919C2A6629B20070D47C /* Modifier */ = {
			isa = PBXGroup;
			children = (
				951691AB2A663E7C0070D47C /* TypoModifier.swift */,
			);
			path = Modifier;
			sourceTree = "<group>";
		};
		9516919D2A6629B80070D47C /* Extension */ = {
			isa = PBXGroup;
			children = (
				951691A92A663C6E0070D47C /* ColorExtension.swift */,
				951691AD2A663F9A0070D47C /* ViewExtension.swift */,
				959B5B762A714B1500888942 /* DateExtension.swift */,
			);
			path = Extension;
			sourceTree = "<group>";
		};
		9516919E2A662A4C0070D47C /* Store */ = {
			isa = PBXGroup;
			children = (
				9516918B2A6629680070D47C /* Persistence.swift */,
				9516918D2A6629680070D47C /* MC3_BeyondThe3F.xcdatamodeld */,
			);
			path = Store;
			sourceTree = "<group>";
		};
		953BD75E2A6A6CF30047C21C /* Annotations */ = {
			isa = PBXGroup;
			children = (
				953BD75F2A6A6D0A0047C21C /* ClusteringAnnotationView.swift */,
				953BD7612A6A6D5D0047C21C /* MusicAnnotationView.swift */,
			);
			path = Annotations;
			sourceTree = "<group>";
		};
		95713F942A74FCD000548545 /* WorkThrough */ = {
			isa = PBXGroup;
			children = (
				95713F952A74FD1C00548545 /* WTMusicSearchView.swift */,
			);
			path = WorkThrough;
			sourceTree = "<group>";
		};
		959B5B782A714C9A00888942 /* New Group */ = {
			isa = PBXGroup;
			children = (
			);
			path = "New Group";
			sourceTree = "<group>";
		};
		959B5B792A71537F00888942 /* ViewModel */ = {
			isa = PBXGroup;
			children = (
				959B5B7A2A71539F00888942 /* MusicSearchViewModel.swift */,
				95713FA52A75285800548545 /* MusicItemUpdateViewModel.swift */,
			);
			path = ViewModel;
			sourceTree = "<group>";
		};
/* End PBXGroup section */

/* Begin PBXNativeTarget section */
		9516917E2A6629670070D47C /* MC3-BeyondThe3F */ = {
			isa = PBXNativeTarget;
			buildConfigurationList = 951691932A6629690070D47C /* Build configuration list for PBXNativeTarget "MC3-BeyondThe3F" */;
			buildPhases = (
				9516917B2A6629670070D47C /* Sources */,
				9516917C2A6629670070D47C /* Frameworks */,
				9516917D2A6629670070D47C /* Resources */,
			);
			buildRules = (
			);
			dependencies = (
			);
			name = "MC3-BeyondThe3F";
			productName = "MC3-BeyondThe3F";
			productReference = 9516917F2A6629670070D47C /* MC3-BeyondThe3F.app */;
			productType = "com.apple.product-type.application";
		};
/* End PBXNativeTarget section */

/* Begin PBXProject section */
		951691772A6629670070D47C /* Project object */ = {
			isa = PBXProject;
			attributes = {
				BuildIndependentTargetsInParallel = 1;
				LastSwiftUpdateCheck = 1420;
				LastUpgradeCheck = 1420;
				TargetAttributes = {
					9516917E2A6629670070D47C = {
						CreatedOnToolsVersion = 14.2;
					};
				};
			};
			buildConfigurationList = 9516917A2A6629670070D47C /* Build configuration list for PBXProject "MC3-BeyondThe3F" */;
			compatibilityVersion = "Xcode 14.0";
			developmentRegion = en;
			hasScannedForEncodings = 0;
			knownRegions = (
				en,
				Base,
			);
			mainGroup = 951691762A6629670070D47C;
			productRefGroup = 951691802A6629670070D47C /* Products */;
			projectDirPath = "";
			projectRoot = "";
			targets = (
				9516917E2A6629670070D47C /* MC3-BeyondThe3F */,
			);
		};
/* End PBXProject section */

/* Begin PBXResourcesBuildPhase section */
		9516917D2A6629670070D47C /* Resources */ = {
			isa = PBXResourcesBuildPhase;
			buildActionMask = 2147483647;
			files = (
				9516918A2A6629680070D47C /* Preview Assets.xcassets in Resources */,
				95366C952A67F9690003556F /* TestImage.xcassets in Resources */,
				951691872A6629680070D47C /* Image.xcassets in Resources */,
			);
			runOnlyForDeploymentPostprocessing = 0;
		};
/* End PBXResourcesBuildPhase section */

/* Begin PBXSourcesBuildPhase section */
		9516917B2A6629670070D47C /* Sources */ = {
			isa = PBXSourcesBuildPhase;
			buildActionMask = 2147483647;
			files = (
				953BD7532A69234D0047C21C /* PrimaryButtonComponentView.swift in Sources */,
				959B5B772A714B1500888942 /* DateExtension.swift in Sources */,
				7433A2462A6E1D9A00EFA99B /* EditDateView.swift in Sources */,
				953BD75D2A6A001D0047C21C /* MusicListRowView.swift in Sources */,
				953BD7552A69260A0047C21C /* MidButtonComponent.swift in Sources */,
				6221EA2C2A701553003BD47F /* MusicPlayView.swift in Sources */,
				953BD74D2A68DE6C0047C21C /* MusicItemVO.swift in Sources */,
				951691A42A663A4E0070D47C /* BucketView.swift in Sources */,
				95713FA62A75285800548545 /* MusicItemUpdateViewModel.swift in Sources */,
				951691A62A663AE00070D47C /* MapView.swift in Sources */,
				953BD75B2A69FFFE0047C21C /* MusicPlayerComponentView.swift in Sources */,
				951691A02A6634C00070D47C /* DefaultCoreDataView.swift in Sources */,
				951691AA2A663C6E0070D47C /* ColorExtension.swift in Sources */,
				953BD7642A6A77240047C21C /* MapSearchComponentView.swift in Sources */,
				959B5B7B2A71539F00888942 /* MusicSearchViewModel.swift in Sources */,
				95BA717E2A76947000DD1A2D /* EditMusicView.swift in Sources */,
				95D6CE1C2A6F9D960053AE8E /* ShazamView.swift in Sources */,
				9516918C2A6629680070D47C /* Persistence.swift in Sources */,
				95D6CE1A2A6E5AC30053AE8E /* MapMusicInfoView.swift in Sources */,
				74EF8C742A67C198006B8DBC /* ButtonPlayComponentView.swift in Sources */,
				7433A2482A6E1E1800EFA99B /* AddMusicView.swift in Sources */,
				95D6CE142A6D084E0053AE8E /* LocationHelper.swift in Sources */,
				76975F512A7177F3005FEFE2 /* MusicPlayer.swift in Sources */,
				76104ABE2A6D7EF7000B8E65 /* dummy.swift in Sources */,
				953BD7602A6A6D0A0047C21C /* ClusteringAnnotationView.swift in Sources */,
				FB9AEE422A6F4CC600B015C5 /* CarouselView.swift in Sources */,
				74EF8C862A67D338006B8DBC /* PinLocationComponentView.swift in Sources */,
				95713F962A74FD1C00548545 /* WTMusicSearchView.swift in Sources */,
				624E4BCD2A78D56000FCAA16 /* ToastComponentView.swift in Sources */,
				76975F532A73EA15005FEFE2 /* Double.swift in Sources */,
				953BD7512A6919370047C21C /* SmallButtonComponentView.swift in Sources */,
				9516918F2A6629680070D47C /* MC3_BeyondThe3F.xcdatamodeld in Sources */,
				74EF8C9C2A6832BF006B8DBC /* MusicSearchComponentView.swift in Sources */,
				95D6CE182A6D4B0C0053AE8E /* EditMapPositionView.swift in Sources */,
				953BD7592A69FFE70047C21C /* ScopeButtonComponentView.swift in Sources */,
				951691AE2A663F9A0070D47C /* ViewExtension.swift in Sources */,
				95713FA22A75059900548545 /* WelcomeSheetComponentView.swift in Sources */,
				74F025C32A77F5AB00DF39C3 /* SearchFailureComponentView.swift in Sources */,
				95713F982A74FF3800548545 /* NavigationHelper.swift in Sources */,
				74167D152A678D3B00F5C691 /* TestComponentView.swift in Sources */,
				76975F492A700DE2005FEFE2 /* AuthManger.swift in Sources */,
				953BD74C2A68DE6C0047C21C /* MusicAnnotation.swift in Sources */,
				953BD74F2A6910480047C21C /* SFImageComponentView.swift in Sources */,
				959B5B752A6FBEA200888942 /* ShazamManager.swift in Sources */,
				76975F3D2A700298005FEFE2 /* SearchDataModel.swift in Sources */,
				764936AF2A6A169B001C0C54 /* MusicItemDataModel.swift in Sources */,
				764936AF2A6A169B001C0C54 /* MusicItemDataModel.swift in Sources */,
				951691852A6629670070D47C /* ContentView.swift in Sources */,
				953BD7622A6A6D5D0047C21C /* MusicAnnotationView.swift in Sources */,
				951691832A6629670070D47C /* MC3_BeyondThe3FApp.swift in Sources */,
				76975F4B2A70124E005FEFE2 /* HistoryDataModel.swift in Sources */,
				627E3F442A6E6D6300979803 /* MusicSearchView.swift in Sources */,
				74EF8CA22A68B7CC006B8DBC /* ContentsLargeComponentView.swift in Sources */,
				76104AC52A6DF978000B8E65 /* MainVO.swift in Sources */,
				951691AC2A663E7C0070D47C /* TypoModifier.swift in Sources */,
				76104ABC2A6D7991000B8E65 /* MainDataModel.swift in Sources */,
				763D01DE2A792F1600B1CF0D /* MusicItemExtension.swift in Sources */,
				951691A22A6639320070D47C /* MainTabView.swift in Sources */,
			);
			runOnlyForDeploymentPostprocessing = 0;
		};
/* End PBXSourcesBuildPhase section */

/* Begin XCBuildConfiguration section */
		951691912A6629690070D47C /* Debug */ = {
			isa = XCBuildConfiguration;
			buildSettings = {
				ALWAYS_SEARCH_USER_PATHS = NO;
				CLANG_ANALYZER_NONNULL = YES;
				CLANG_ANALYZER_NUMBER_OBJECT_CONVERSION = YES_AGGRESSIVE;
				CLANG_CXX_LANGUAGE_STANDARD = "gnu++20";
				CLANG_ENABLE_MODULES = YES;
				CLANG_ENABLE_OBJC_ARC = YES;
				CLANG_ENABLE_OBJC_WEAK = YES;
				CLANG_WARN_BLOCK_CAPTURE_AUTORELEASING = YES;
				CLANG_WARN_BOOL_CONVERSION = YES;
				CLANG_WARN_COMMA = YES;
				CLANG_WARN_CONSTANT_CONVERSION = YES;
				CLANG_WARN_DEPRECATED_OBJC_IMPLEMENTATIONS = YES;
				CLANG_WARN_DIRECT_OBJC_ISA_USAGE = YES_ERROR;
				CLANG_WARN_DOCUMENTATION_COMMENTS = YES;
				CLANG_WARN_EMPTY_BODY = YES;
				CLANG_WARN_ENUM_CONVERSION = YES;
				CLANG_WARN_INFINITE_RECURSION = YES;
				CLANG_WARN_INT_CONVERSION = YES;
				CLANG_WARN_NON_LITERAL_NULL_CONVERSION = YES;
				CLANG_WARN_OBJC_IMPLICIT_RETAIN_SELF = YES;
				CLANG_WARN_OBJC_LITERAL_CONVERSION = YES;
				CLANG_WARN_OBJC_ROOT_CLASS = YES_ERROR;
				CLANG_WARN_QUOTED_INCLUDE_IN_FRAMEWORK_HEADER = YES;
				CLANG_WARN_RANGE_LOOP_ANALYSIS = YES;
				CLANG_WARN_STRICT_PROTOTYPES = YES;
				CLANG_WARN_SUSPICIOUS_MOVE = YES;
				CLANG_WARN_UNGUARDED_AVAILABILITY = YES_AGGRESSIVE;
				CLANG_WARN_UNREACHABLE_CODE = YES;
				CLANG_WARN__DUPLICATE_METHOD_MATCH = YES;
				COPY_PHASE_STRIP = NO;
				DEBUG_INFORMATION_FORMAT = dwarf;
				ENABLE_STRICT_OBJC_MSGSEND = YES;
				ENABLE_TESTABILITY = YES;
				GCC_C_LANGUAGE_STANDARD = gnu11;
				GCC_DYNAMIC_NO_PIC = NO;
				GCC_NO_COMMON_BLOCKS = YES;
				GCC_OPTIMIZATION_LEVEL = 0;
				GCC_PREPROCESSOR_DEFINITIONS = (
					"DEBUG=1",
					"$(inherited)",
				);
				GCC_WARN_64_TO_32_BIT_CONVERSION = YES;
				GCC_WARN_ABOUT_RETURN_TYPE = YES_ERROR;
				GCC_WARN_UNDECLARED_SELECTOR = YES;
				GCC_WARN_UNINITIALIZED_AUTOS = YES_AGGRESSIVE;
				GCC_WARN_UNUSED_FUNCTION = YES;
				GCC_WARN_UNUSED_VARIABLE = YES;
				IPHONEOS_DEPLOYMENT_TARGET = 16.2;
				MTL_ENABLE_DEBUG_INFO = INCLUDE_SOURCE;
				MTL_FAST_MATH = YES;
				ONLY_ACTIVE_ARCH = YES;
				SDKROOT = iphoneos;
				SWIFT_ACTIVE_COMPILATION_CONDITIONS = DEBUG;
				SWIFT_OPTIMIZATION_LEVEL = "-Onone";
			};
			name = Debug;
		};
		951691922A6629690070D47C /* Release */ = {
			isa = XCBuildConfiguration;
			buildSettings = {
				ALWAYS_SEARCH_USER_PATHS = NO;
				CLANG_ANALYZER_NONNULL = YES;
				CLANG_ANALYZER_NUMBER_OBJECT_CONVERSION = YES_AGGRESSIVE;
				CLANG_CXX_LANGUAGE_STANDARD = "gnu++20";
				CLANG_ENABLE_MODULES = YES;
				CLANG_ENABLE_OBJC_ARC = YES;
				CLANG_ENABLE_OBJC_WEAK = YES;
				CLANG_WARN_BLOCK_CAPTURE_AUTORELEASING = YES;
				CLANG_WARN_BOOL_CONVERSION = YES;
				CLANG_WARN_COMMA = YES;
				CLANG_WARN_CONSTANT_CONVERSION = YES;
				CLANG_WARN_DEPRECATED_OBJC_IMPLEMENTATIONS = YES;
				CLANG_WARN_DIRECT_OBJC_ISA_USAGE = YES_ERROR;
				CLANG_WARN_DOCUMENTATION_COMMENTS = YES;
				CLANG_WARN_EMPTY_BODY = YES;
				CLANG_WARN_ENUM_CONVERSION = YES;
				CLANG_WARN_INFINITE_RECURSION = YES;
				CLANG_WARN_INT_CONVERSION = YES;
				CLANG_WARN_NON_LITERAL_NULL_CONVERSION = YES;
				CLANG_WARN_OBJC_IMPLICIT_RETAIN_SELF = YES;
				CLANG_WARN_OBJC_LITERAL_CONVERSION = YES;
				CLANG_WARN_OBJC_ROOT_CLASS = YES_ERROR;
				CLANG_WARN_QUOTED_INCLUDE_IN_FRAMEWORK_HEADER = YES;
				CLANG_WARN_RANGE_LOOP_ANALYSIS = YES;
				CLANG_WARN_STRICT_PROTOTYPES = YES;
				CLANG_WARN_SUSPICIOUS_MOVE = YES;
				CLANG_WARN_UNGUARDED_AVAILABILITY = YES_AGGRESSIVE;
				CLANG_WARN_UNREACHABLE_CODE = YES;
				CLANG_WARN__DUPLICATE_METHOD_MATCH = YES;
				COPY_PHASE_STRIP = NO;
				DEBUG_INFORMATION_FORMAT = "dwarf-with-dsym";
				ENABLE_NS_ASSERTIONS = NO;
				ENABLE_STRICT_OBJC_MSGSEND = YES;
				GCC_C_LANGUAGE_STANDARD = gnu11;
				GCC_NO_COMMON_BLOCKS = YES;
				GCC_WARN_64_TO_32_BIT_CONVERSION = YES;
				GCC_WARN_ABOUT_RETURN_TYPE = YES_ERROR;
				GCC_WARN_UNDECLARED_SELECTOR = YES;
				GCC_WARN_UNINITIALIZED_AUTOS = YES_AGGRESSIVE;
				GCC_WARN_UNUSED_FUNCTION = YES;
				GCC_WARN_UNUSED_VARIABLE = YES;
				IPHONEOS_DEPLOYMENT_TARGET = 16.2;
				MTL_ENABLE_DEBUG_INFO = NO;
				MTL_FAST_MATH = YES;
				SDKROOT = iphoneos;
				SWIFT_COMPILATION_MODE = wholemodule;
				SWIFT_OPTIMIZATION_LEVEL = "-O";
				VALIDATE_PRODUCT = YES;
			};
			name = Release;
		};
		951691942A6629690070D47C /* Debug */ = {
			isa = XCBuildConfiguration;
			buildSettings = {
				ASSETCATALOG_COMPILER_APPICON_NAME = AppIcon;
				ASSETCATALOG_COMPILER_GLOBAL_ACCENT_COLOR_NAME = AccentColor;
				CODE_SIGN_STYLE = Automatic;
				CURRENT_PROJECT_VERSION = 1;
				DEVELOPMENT_ASSET_PATHS = "\"MC3-BeyondThe3F/Preview Content\"";
				DEVELOPMENT_TEAM = 333J2S2AQK;
				ENABLE_PREVIEWS = YES;
				GENERATE_INFOPLIST_FILE = YES;
				INFOPLIST_KEY_NSAppleMusicUsageDescription = "Apple Music 사용을 허용하시겠습니까?";
				INFOPLIST_KEY_NSLocationAlwaysAndWhenInUseUsageDescription = "위치를 항상 허용하시겠습니까?";
				INFOPLIST_KEY_NSLocationWhenInUseUsageDescription = "위치를 언제 허용하시겠습니까?";
				INFOPLIST_KEY_NSMicrophoneUsageDescription = "녹음 기능을 허용하시겠습니까?";
				INFOPLIST_KEY_UIApplicationSceneManifest_Generation = YES;
				INFOPLIST_KEY_UIApplicationSupportsIndirectInputEvents = YES;
				INFOPLIST_KEY_UILaunchScreen_Generation = YES;
				INFOPLIST_KEY_UISupportedInterfaceOrientations = UIInterfaceOrientationPortrait;
				IPHONEOS_DEPLOYMENT_TARGET = 16.0;
				LD_RUNPATH_SEARCH_PATHS = (
					"$(inherited)",
					"@executable_path/Frameworks",
				);
				MARKETING_VERSION = 1.0;
				PRODUCT_BUNDLE_IDENTIFIER = com.mc3.peterpyun.beyond3F;
				PRODUCT_NAME = "$(TARGET_NAME)";
				SWIFT_EMIT_LOC_STRINGS = YES;
				SWIFT_VERSION = 5.0;
				TARGETED_DEVICE_FAMILY = "1,2";
			};
			name = Debug;
		};
		951691952A6629690070D47C /* Release */ = {
			isa = XCBuildConfiguration;
			buildSettings = {
				ASSETCATALOG_COMPILER_APPICON_NAME = AppIcon;
				ASSETCATALOG_COMPILER_GLOBAL_ACCENT_COLOR_NAME = AccentColor;
				CODE_SIGN_STYLE = Automatic;
				CURRENT_PROJECT_VERSION = 1;
				DEVELOPMENT_ASSET_PATHS = "\"MC3-BeyondThe3F/Preview Content\"";
				DEVELOPMENT_TEAM = 333J2S2AQK;
				ENABLE_PREVIEWS = YES;
				GENERATE_INFOPLIST_FILE = YES;
				INFOPLIST_KEY_NSAppleMusicUsageDescription = "Apple Music 사용을 허용하시겠습니까?";
				INFOPLIST_KEY_NSLocationAlwaysAndWhenInUseUsageDescription = "위치를 항상 허용하시겠습니까?";
				INFOPLIST_KEY_NSLocationWhenInUseUsageDescription = "위치를 언제 허용하시겠습니까?";
				INFOPLIST_KEY_NSMicrophoneUsageDescription = "녹음 기능을 허용하시겠습니까?";
				INFOPLIST_KEY_UIApplicationSceneManifest_Generation = YES;
				INFOPLIST_KEY_UIApplicationSupportsIndirectInputEvents = YES;
				INFOPLIST_KEY_UILaunchScreen_Generation = YES;
				INFOPLIST_KEY_UISupportedInterfaceOrientations = UIInterfaceOrientationPortrait;
				IPHONEOS_DEPLOYMENT_TARGET = 16.0;
				LD_RUNPATH_SEARCH_PATHS = (
					"$(inherited)",
					"@executable_path/Frameworks",
				);
				MARKETING_VERSION = 1.0;
				PRODUCT_BUNDLE_IDENTIFIER = com.mc3.peterpyun.beyond3F;
				PRODUCT_NAME = "$(TARGET_NAME)";
				SWIFT_EMIT_LOC_STRINGS = YES;
				SWIFT_VERSION = 5.0;
				TARGETED_DEVICE_FAMILY = "1,2";
			};
			name = Release;
		};
/* End XCBuildConfiguration section */

/* Begin XCConfigurationList section */
		9516917A2A6629670070D47C /* Build configuration list for PBXProject "MC3-BeyondThe3F" */ = {
			isa = XCConfigurationList;
			buildConfigurations = (
				951691912A6629690070D47C /* Debug */,
				951691922A6629690070D47C /* Release */,
			);
			defaultConfigurationIsVisible = 0;
			defaultConfigurationName = Release;
		};
		951691932A6629690070D47C /* Build configuration list for PBXNativeTarget "MC3-BeyondThe3F" */ = {
			isa = XCConfigurationList;
			buildConfigurations = (
				951691942A6629690070D47C /* Debug */,
				951691952A6629690070D47C /* Release */,
			);
			defaultConfigurationIsVisible = 0;
			defaultConfigurationName = Release;
		};
/* End XCConfigurationList section */

/* Begin XCVersionGroup section */
		9516918D2A6629680070D47C /* MC3_BeyondThe3F.xcdatamodeld */ = {
			isa = XCVersionGroup;
			children = (
				9516918E2A6629680070D47C /* MC3_BeyondThe3F.xcdatamodel */,
			);
			currentVersion = 9516918E2A6629680070D47C /* MC3_BeyondThe3F.xcdatamodel */;
			path = MC3_BeyondThe3F.xcdatamodeld;
			sourceTree = "<group>";
			versionGroupType = wrapper.xcdatamodel;
		};
/* End XCVersionGroup section */
	};
	rootObject = 951691772A6629670070D47C /* Project object */;
}
